{
    "_readme": [
        "This file locks the dependencies of your project to a known state",
        "Read more about it at http://getcomposer.org/doc/01-basic-usage.md#composer-lock-the-lock-file"
    ],
    "hash": "2e1af64f06f8a4783c45d5b3a5e88d7f",
    "packages": [
        {
            "name": "mmititelu/mvc",
            "version": "dev-master",
            "source": {
                "type": "git",
                "url": "C:\\wamp\\www\\vendor\\MVC",
                "reference": "e59bcbaf08e37778d9063efe70d6e2762f2ec826"
            },
            "require": {
                "php": ">=5.3.0"
            },
            "type": "library",
            "autoload": {
                "psr-0": {
                    "": "src/"
                }
            },
            "authors": [
                {
                    "name": "Mihaela Mititelu",
                    "email": "mmititelu@pentalog.fr"
                }
            ],
            "description": "My first Composer project",
            "time": "2013-10-15 13:38:44"
        }
    ],
    "packages-dev": [

    ],
    "aliases": [

    ],
    "minimum-stability": "dev",
    "stability-flags": [

    ],
    "platform": {
        "php": ">=5.3.0"
    },
    "platform-dev": [

    ]
}
